
Microsoft Visual Studio Solution File, Format Version 12.00
# Visual Studio 15
VisualStudioVersion = 15.0.28010.2016
MinimumVisualStudioVersion = 10.0.40219.1
Project("{8BC9CEB8-8B4A-11D0-8D11-00A0C91BC942}") = "Firmenverwaltung", "Firmenverwaltung\Firmenverwaltung.vcxproj", "{AF3B3A30-5DDE-426F-9A67-4A4B0507A404}"
EndProject
Global
	GlobalSection(SolutionConfigurationPlatforms) = preSolution
		Debug|x64 = Debug|x64
		Debug|x86 = Debug|x86
		Release|x64 = Release|x64
		Release|x86 = Release|x86
	EndGlobalSection
	GlobalSection(ProjectConfigurationPlatforms) = postSolution
		{AF3B3A30-5DDE-426F-9A67-4A4B0507A404}.Debug|x64.ActiveCfg = Debug|x64
		{AF3B3A30-5DDE-426F-9A67-4A4B0507A404}.Debug|x64.Build.0 = Debug|x64
		{AF3B3A30-5DDE-426F-9A67-4A4B0507A404}.Debug|x86.ActiveCfg = Debug|Win32
		{AF3B3A30-5DDE-426F-9A67-4A4B0507A404}.Debug|x86.Build.0 = Debug|Win32
		{AF3B3A30-5DDE-426F-9A67-4A4B0507A404}.Release|x64.ActiveCfg = Release|x64
		{AF3B3A30-5DDE-426F-9A67-4A4B0507A404}.Release|x64.Build.0 = Release|x64
		{AF3B3A30-5DDE-426F-9A67-4A4B0507A404}.Release|x86.ActiveCfg = Release|Win32
		{AF3B3A30-5DDE-426F-9A67-4A4B0507A404}.Release|x86.Build.0 = Release|Win32
	EndGlobalSection
	GlobalSection(SolutionProperties) = preSolution
		HideSolutionNode = FALSE
	EndGlobalSection
	GlobalSection(ExtensibilityGlobals) = postSolution
		SolutionGuid = {69D5795F-AC95-40BB-B3FC-BA97B39AA71F}
	EndGlobalSection
EndGlobal
